
Microsoft Visual Studio Solution File, Format Version 12.00
# Visual Studio Version 17
VisualStudioVersion = 17.13.35825.156 d17.13
MinimumVisualStudioVersion = 10.0.40219.1
Project("{FAE04EC0-301F-11D3-BF4B-00C04F79EFBC}") = "signal_acquisition_brymen", "signal_acquisition_brymen\signal_acquisition_brymen.csproj", "{2554F763-3901-4843-9AFB-E391E683B43A}"
EndProject
Global
	GlobalSection(SolutionConfigurationPlatforms) = preSolution
		Debug|Any CPU = Debug|Any CPU
		Release|Any CPU = Release|Any CPU
	EndGlobalSection
	GlobalSection(ProjectConfigurationPlatforms) = postSolution
		{2554F763-3901-4843-9AFB-E391E683B43A}.Debug|Any CPU.ActiveCfg = Debug|Any CPU
		{2554F763-3901-4843-9AFB-E391E683B43A}.Debug|Any CPU.Build.0 = Debug|Any CPU
		{2554F763-3901-4843-9AFB-E391E683B43A}.Release|Any CPU.ActiveCfg = Release|Any CPU
		{2554F763-3901-4843-9AFB-E391E683B43A}.Release|Any CPU.Build.0 = Release|Any CPU
	EndGlobalSection
	GlobalSection(SolutionProperties) = preSolution
		HideSolutionNode = FALSE
	EndGlobalSection
	GlobalSection(ExtensibilityGlobals) = postSolution
		SolutionGuid = {2281C250-2E6F-416B-99B1-3A528D6AF5D8}
	EndGlobalSection
EndGlobal
